// !$*UTF8*$!
{
	archiveVersion = 1;
	classes = {
	};
	objectVersion = 46;
	objects = {

/* Begin PBXBuildFile section */
		E421AE5D1A3263F40043CC92 /* CodaLessPreferencesWindowController.xib in Resources */ = {isa = PBXBuildFile; fileRef = E421AE5C1A3263F40043CC92 /* CodaLessPreferencesWindowController.xib */; };
		E421AE5F1A3264750043CC92 /* CodaLessPrefrencesWindowController.swift in Sources */ = {isa = PBXBuildFile; fileRef = E421AE5E1A3264750043CC92 /* CodaLessPrefrencesWindowController.swift */; };
		E45A1D251ABC746F001A1A42 /* EDSemver.m in Sources */ = {isa = PBXBuildFile; fileRef = E45A1D241ABC746F001A1A42 /* EDSemver.m */; };
		E467F05D1A325AC1005FE060 /* CodaLess.swift in Sources */ = {isa = PBXBuildFile; fileRef = E467F05C1A325AC1005FE060 /* CodaLess.swift */; };
/* End PBXBuildFile section */

/* Begin PBXFileReference section */
		E421AE5C1A3263F40043CC92 /* CodaLessPreferencesWindowController.xib */ = {isa = PBXFileReference; fileEncoding = 4; lastKnownFileType = file.xib; path = CodaLessPreferencesWindowController.xib; sourceTree = "<group>"; };
		E421AE5E1A3264750043CC92 /* CodaLessPrefrencesWindowController.swift */ = {isa = PBXFileReference; fileEncoding = 4; lastKnownFileType = sourcecode.swift; path = CodaLessPrefrencesWindowController.swift; sourceTree = "<group>"; };
		E45A1D231ABC746F001A1A42 /* EDSemver.h */ = {isa = PBXFileReference; fileEncoding = 4; lastKnownFileType = sourcecode.c.h; path = EDSemver.h; sourceTree = "<group>"; };
		E45A1D241ABC746F001A1A42 /* EDSemver.m */ = {isa = PBXFileReference; fileEncoding = 4; lastKnownFileType = sourcecode.c.objc; path = EDSemver.m; sourceTree = "<group>"; };
		E467F0501A3259C4005FE060 /* CodaLess.codaplugin */ = {isa = PBXFileReference; explicitFileType = wrapper.cfbundle; includeInIndex = 0; path = CodaLess.codaplugin; sourceTree = BUILT_PRODUCTS_DIR; };
		E467F0541A3259C4005FE060 /* Info.plist */ = {isa = PBXFileReference; lastKnownFileType = text.plist.xml; path = Info.plist; sourceTree = "<group>"; };
		E467F05A1A325A66005FE060 /* CodaPlugInsController.h */ = {isa = PBXFileReference; lastKnownFileType = sourcecode.c.h; path = CodaPlugInsController.h; sourceTree = "<group>"; };
		E467F05B1A325AC1005FE060 /* CodaLess-Bridging-Header.h */ = {isa = PBXFileReference; lastKnownFileType = sourcecode.c.h; path = "CodaLess-Bridging-Header.h"; sourceTree = "<group>"; };
		E467F05C1A325AC1005FE060 /* CodaLess.swift */ = {isa = PBXFileReference; fileEncoding = 4; lastKnownFileType = sourcecode.swift; path = CodaLess.swift; sourceTree = "<group>"; };
/* End PBXFileReference section */

/* Begin PBXFrameworksBuildPhase section */
		E467F04D1A3259C4005FE060 /* Frameworks */ = {
			isa = PBXFrameworksBuildPhase;
			buildActionMask = 2147483647;
			files = (
			);
			runOnlyForDeploymentPostprocessing = 0;
		};
/* End PBXFrameworksBuildPhase section */

/* Begin PBXGroup section */
		E467F0471A3259C4005FE060 = {
			isa = PBXGroup;
			children = (
				E467F0521A3259C4005FE060 /* CodaLess */,
				E467F0511A3259C4005FE060 /* Products */,
			);
			sourceTree = "<group>";
		};
		E467F0511A3259C4005FE060 /* Products */ = {
			isa = PBXGroup;
			children = (
				E467F0501A3259C4005FE060 /* CodaLess.codaplugin */,
			);
			name = Products;
			sourceTree = "<group>";
		};
		E467F0521A3259C4005FE060 /* CodaLess */ = {
			isa = PBXGroup;
			children = (
				E467F05A1A325A66005FE060 /* CodaPlugInsController.h */,
				E467F05B1A325AC1005FE060 /* CodaLess-Bridging-Header.h */,
				E45A1D231ABC746F001A1A42 /* EDSemver.h */,
				E45A1D241ABC746F001A1A42 /* EDSemver.m */,
				E467F0531A3259C4005FE060 /* Supporting Files */,
				E467F05C1A325AC1005FE060 /* CodaLess.swift */,
				E421AE5C1A3263F40043CC92 /* CodaLessPreferencesWindowController.xib */,
				E421AE5E1A3264750043CC92 /* CodaLessPrefrencesWindowController.swift */,
			);
			path = CodaLess;
			sourceTree = "<group>";
		};
		E467F0531A3259C4005FE060 /* Supporting Files */ = {
			isa = PBXGroup;
			children = (
				E467F0541A3259C4005FE060 /* Info.plist */,
			);
			name = "Supporting Files";
			sourceTree = "<group>";
		};
/* End PBXGroup section */

/* Begin PBXNativeTarget section */
		E467F04F1A3259C4005FE060 /* CodaLess */ = {
			isa = PBXNativeTarget;
			buildConfigurationList = E467F0571A3259C4005FE060 /* Build configuration list for PBXNativeTarget "CodaLess" */;
			buildPhases = (
				E467F04C1A3259C4005FE060 /* Sources */,
				E467F04D1A3259C4005FE060 /* Frameworks */,
				E467F04E1A3259C4005FE060 /* Resources */,
			);
			buildRules = (
			);
			dependencies = (
			);
			name = CodaLess;
			productName = CodaLess;
			productReference = E467F0501A3259C4005FE060 /* CodaLess.codaplugin */;
			productType = "com.apple.product-type.bundle";
		};
/* End PBXNativeTarget section */

/* Begin PBXProject section */
		E467F0481A3259C4005FE060 /* Project object */ = {
			isa = PBXProject;
			attributes = {
				LastUpgradeCheck = 0620;
				ORGANIZATIONNAME = "Theo Weidmann";
				TargetAttributes = {
					E467F04F1A3259C4005FE060 = {
						CreatedOnToolsVersion = 6.1.1;
					};
				};
			};
			buildConfigurationList = E467F04B1A3259C4005FE060 /* Build configuration list for PBXProject "CodaLess" */;
			compatibilityVersion = "Xcode 3.2";
			developmentRegion = English;
			hasScannedForEncodings = 0;
			knownRegions = (
				en,
			);
			mainGroup = E467F0471A3259C4005FE060;
			productRefGroup = E467F0511A3259C4005FE060 /* Products */;
			projectDirPath = "";
			projectRoot = "";
			targets = (
				E467F04F1A3259C4005FE060 /* CodaLess */,
			);
		};
/* End PBXProject section */

/* Begin PBXResourcesBuildPhase section */
		E467F04E1A3259C4005FE060 /* Resources */ = {
			isa = PBXResourcesBuildPhase;
			buildActionMask = 2147483647;
			files = (
				E421AE5D1A3263F40043CC92 /* CodaLessPreferencesWindowController.xib in Resources */,
			);
			runOnlyForDeploymentPostprocessing = 0;
		};
/* End PBXResourcesBuildPhase section */

/* Begin PBXSourcesBuildPhase section */
		E467F04C1A3259C4005FE060 /* Sources */ = {
			isa = PBXSourcesBuildPhase;
			buildActionMask = 2147483647;
			files = (
				E421AE5F1A3264750043CC92 /* CodaLessPrefrencesWindowController.swift in Sources */,
				E45A1D251ABC746F001A1A42 /* EDSemver.m in Sources */,
				E467F05D1A325AC1005FE060 /* CodaLess.swift in Sources */,
			);
			runOnlyForDeploymentPostprocessing = 0;
		};
/* End PBXSourcesBuildPhase section */

/* Begin XCBuildConfiguration section */
		E467F0551A3259C4005FE060 /* Debug */ = {
			isa = XCBuildConfiguration;
			buildSettings = {
				ALWAYS_SEARCH_USER_PATHS = NO;
				CLANG_CXX_LANGUAGE_STANDARD = "gnu++0x";
				CLANG_CXX_LIBRARY = "libc++";
				CLANG_ENABLE_MODULES = YES;
				CLANG_ENABLE_OBJC_ARC = YES;
				CLANG_WARN_BOOL_CONVERSION = YES;
				CLANG_WARN_CONSTANT_CONVERSION = YES;
				CLANG_WARN_DIRECT_OBJC_ISA_USAGE = YES_ERROR;
				CLANG_WARN_EMPTY_BODY = YES;
				CLANG_WARN_ENUM_CONVERSION = YES;
				CLANG_WARN_INT_CONVERSION = YES;
				CLANG_WARN_OBJC_ROOT_CLASS = YES_ERROR;
				CLANG_WARN_UNREACHABLE_CODE = YES;
				CLANG_WARN__DUPLICATE_METHOD_MATCH = YES;
				COPY_PHASE_STRIP = NO;
				ENABLE_STRICT_OBJC_MSGSEND = YES;
				GCC_C_LANGUAGE_STANDARD = gnu99;
				GCC_DYNAMIC_NO_PIC = NO;
				GCC_OPTIMIZATION_LEVEL = 0;
				GCC_PREPROCESSOR_DEFINITIONS = (
					"DEBUG=1",
					"$(inherited)",
				);
				GCC_SYMBOLS_PRIVATE_EXTERN = NO;
				GCC_WARN_64_TO_32_BIT_CONVERSION = YES;
				GCC_WARN_ABOUT_RETURN_TYPE = YES_ERROR;
				GCC_WARN_UNDECLARED_SELECTOR = YES;
				GCC_WARN_UNINITIALIZED_AUTOS = YES_AGGRESSIVE;
				GCC_WARN_UNUSED_FUNCTION = YES;
				GCC_WARN_UNUSED_VARIABLE = YES;
				MACOSX_DEPLOYMENT_TARGET = 10.10;
				MTL_ENABLE_DEBUG_INFO = YES;
				ONLY_ACTIVE_ARCH = YES;
				SDKROOT = macosx;
			};
			name = Debug;
		};
		E467F0561A3259C4005FE060 /* Release */ = {
			isa = XCBuildConfiguration;
			buildSettings = {
				ALWAYS_SEARCH_USER_PATHS = NO;
				CLANG_CXX_LANGUAGE_STANDARD = "gnu++0x";
				CLANG_CXX_LIBRARY = "libc++";
				CLANG_ENABLE_MODULES = YES;
				CLANG_ENABLE_OBJC_ARC = YES;
				CLANG_WARN_BOOL_CONVERSION = YES;
				CLANG_WARN_CONSTANT_CONVERSION = YES;
				CLANG_WARN_DIRECT_OBJC_ISA_USAGE = YES_ERROR;
				CLANG_WARN_EMPTY_BODY = YES;
				CLANG_WARN_ENUM_CONVERSION = YES;
				CLANG_WARN_INT_CONVERSION = YES;
				CLANG_WARN_OBJC_ROOT_CLASS = YES_ERROR;
				CLANG_WARN_UNREACHABLE_CODE = YES;
				CLANG_WARN__DUPLICATE_METHOD_MATCH = YES;
				COPY_PHASE_STRIP = YES;
				DEBUG_INFORMATION_FORMAT = "dwarf-with-dsym";
				ENABLE_NS_ASSERTIONS = NO;
				ENABLE_STRICT_OBJC_MSGSEND = YES;
				GCC_C_LANGUAGE_STANDARD = gnu99;
				GCC_WARN_64_TO_32_BIT_CONVERSION = YES;
				GCC_WARN_ABOUT_RETURN_TYPE = YES_ERROR;
				GCC_WARN_UNDECLARED_SELECTOR = YES;
				GCC_WARN_UNINITIALIZED_AUTOS = YES_AGGRESSIVE;
				GCC_WARN_UNUSED_FUNCTION = YES;
				GCC_WARN_UNUSED_VARIABLE = YES;
				MACOSX_DEPLOYMENT_TARGET = 10.10;
				MTL_ENABLE_DEBUG_INFO = NO;
				SDKROOT = macosx;
			};
			name = Release;
		};
		E467F0581A3259C4005FE060 /* Debug */ = {
			isa = XCBuildConfiguration;
			buildSettings = {
				CLANG_ENABLE_MODULES = YES;
				COMBINE_HIDPI_IMAGES = YES;
				DEFINES_MODULE = NO;
				EMBEDDED_CONTENT_CONTAINS_SWIFT = YES;
				INFOPLIST_FILE = CodaLess/Info.plist;
				INSTALL_PATH = "$(LOCAL_LIBRARY_DIR)/Bundles";
				LD_RUNPATH_SEARCH_PATHS = "$(inherited) @executable_path/../Frameworks @loader_path/../Frameworks";
				MACH_O_TYPE = mh_bundle;
				PRODUCT_NAME = "$(TARGET_NAME)";
				SKIP_INSTALL = YES;
				SWIFT_OBJC_BRIDGING_HEADER = "CodaLess/CodaLess-Bridging-Header.h";
				SWIFT_OPTIMIZATION_LEVEL = "-Onone";
				WRAPPER_EXTENSION = codaplugin;
			};
			name = Debug;
		};
		E467F0591A3259C4005FE060 /* Release */ = {
			isa = XCBuildConfiguration;
			buildSettings = {
				CLANG_ENABLE_MODULES = YES;
				COMBINE_HIDPI_IMAGES = YES;
				DEFINES_MODULE = NO;
				EMBEDDED_CONTENT_CONTAINS_SWIFT = YES;
				INFOPLIST_FILE = CodaLess/Info.plist;
				INSTALL_PATH = "$(LOCAL_LIBRARY_DIR)/Bundles";
				LD_RUNPATH_SEARCH_PATHS = "$(inherited) @executable_path/../Frameworks @loader_path/../Frameworks";
				MACH_O_TYPE = mh_bundle;
				PRODUCT_NAME = "$(TARGET_NAME)";
				SKIP_INSTALL = YES;
				SWIFT_OBJC_BRIDGING_HEADER = "CodaLess/CodaLess-Bridging-Header.h";
				WRAPPER_EXTENSION = codaplugin;
			};
			name = Release;
		};
/* End XCBuildConfiguration section */

/* Begin XCConfigurationList section */
		E467F04B1A3259C4005FE060 /* Build configuration list for PBXProject "CodaLess" */ = {
			isa = XCConfigurationList;
			buildConfigurations = (
				E467F0551A3259C4005FE060 /* Debug */,
				E467F0561A3259C4005FE060 /* Release */,
			);
			defaultConfigurationIsVisible = 0;
			defaultConfigurationName = Release;
		};
		E467F0571A3259C4005FE060 /* Build configuration list for PBXNativeTarget "CodaLess" */ = {
			isa = XCConfigurationList;
			buildConfigurations = (
				E467F0581A3259C4005FE060 /* Debug */,
				E467F0591A3259C4005FE060 /* Release */,
			);
			defaultConfigurationIsVisible = 0;
			defaultConfigurationName = Release;
		};
/* End XCConfigurationList section */
	};
	rootObject = E467F0481A3259C4005FE060 /* Project object */;
}
